<Solution>
  <Project Path="Roar.DependencyInjection.Abstractions/Roar.DependencyInjection.Abstractions.csproj" />
  <Project Path="Roar.DependencyInjection.Core/Roar.DependencyInjection.Core.csproj" Id="53e40aa4-53a2-4bac-99d1-f8838723dcc4" />
  <Project Path="Roar.DependencyInjection.Generators/Roar.DependencyInjection.Generators.csproj" Id="f2563f7a-8ef6-4bdb-bd0c-3002ce548155" />
</Solution>
